<?xml version="1.0" encoding="utf-8"?>
<Project ToolsVersion="4.0" xmlns="http://schemas.microsoft.com/developer/msbuild/2003">
  <ItemGroup>
    <CustomBuild Include="C:\D\workspace\CarRec\code\detect\CMakeLists.txt" />
    <CustomBuild Include="..\CMakeFiles\3803e8fc3ee89ab0eda808231da4cd80\ALL_BUILD.rule">
      <Filter>CMake Rules</Filter>
    </CustomBuild>
  </ItemGroup>
  <ItemGroup>
    <None Include="CMakeFiles\ALL_BUILD" />
  </ItemGroup>
  <ItemGroup>
    <Filter Include="CMake Rules">
      <UniqueIdentifier>{E354E4C1-9922-4B31-BDD7-7B96065BDE5B}</UniqueIdentifier>
    </Filter>
  </ItemGroup>
</Project>
