<?xml version="1.0" encoding="utf-8"?>
<Project ToolsVersion="4.0" xmlns="http://schemas.microsoft.com/developer/msbuild/2003">
  <ItemGroup>
    <ClCompile Include="C:\D\workspace\CarRec\code\detect\src\detect.cpp">
      <Filter>Source Files</Filter>
    </ClCompile>
  </ItemGroup>
  <ItemGroup>
    <CustomBuild Include="C:\D\workspace\CarRec\code\detect\CMakeLists.txt" />
  </ItemGroup>
  <ItemGroup>
    <Filter Include="Source Files">
      <UniqueIdentifier>{2A9CB3F9-F89D-440E-A3BD-FAC9773A54F6}</UniqueIdentifier>
    </Filter>
  </ItemGroup>
</Project>
